{
  "name": "exam1",
  "version": "1.0.0",
  "lockfileVersion": 1,
  "requires": true,
  "dependencies": {
    "nanoid": {
      "version": "2.1.11",
      "resolved": "https://registry.npmjs.org/nanoid/-/nanoid-2.1.11.tgz",
      "integrity": "sha512-s/snB+WGm6uwi0WjsZdaVcuf3KJXlfGl2LcxgwkEwJF0D/BWzVWAZW/XY4bFaiR7s0Jk3FPvlnepg1H1b1UwlA=="
    },
    "short-unique-id": {
      "version": "3.0.4",
      "resolved": "https://registry.npmjs.org/short-unique-id/-/short-unique-id-3.0.4.tgz",
      "integrity": "sha512-M2VEyhMf5H+GUkImMTM5cJMJanm/jgJJf6NSWdNzkIx5oMtQvGm9k6oom3OV77m/RyIe1+MXPkxGqdaipzCRcw=="
    },
    "shortid": {
      "version": "2.2.15",
      "resolved": "https://registry.npmjs.org/shortid/-/shortid-2.2.15.tgz",
      "integrity": "sha512-5EaCy2mx2Jgc/Fdn9uuDuNIIfWBpzY4XIlhoqtXF6qsf+/+SGZ+FxDdX/ZsMZiWupIWNqAEmiNY4RC+LSmCeOw==",
      "requires": {
        "nanoid": "^2.1.0"
      }
    }
  }
}
